// !$*UTF8*$!
{
	archiveVersion = 1;
	classes = {
	};
	objectVersion = 50;
	objects = {

/* Begin PBXBuildFile section */
		D957E64025A58E33003D5F46 /* TaskDoApp.swift in Sources */ = {isa = PBXBuildFile; fileRef = D957E63F25A58E33003D5F46 /* TaskDoApp.swift */; };
		D957E64225A58E33003D5F46 /* ContentView.swift in Sources */ = {isa = PBXBuildFile; fileRef = D957E64125A58E33003D5F46 /* ContentView.swift */; };
		D957E64425A58E36003D5F46 /* Assets.xcassets in Resources */ = {isa = PBXBuildFile; fileRef = D957E64325A58E36003D5F46 /* Assets.xcassets */; };
		D957E64725A58E36003D5F46 /* Preview Assets.xcassets in Resources */ = {isa = PBXBuildFile; fileRef = D957E64625A58E36003D5F46 /* Preview Assets.xcassets */; };
		D957E65225A58E36003D5F46 /* TaskDoTests.swift in Sources */ = {isa = PBXBuildFile; fileRef = D957E65125A58E36003D5F46 /* TaskDoTests.swift */; };
		D957E65D25A58E36003D5F46 /* TaskDoUITests.swift in Sources */ = {isa = PBXBuildFile; fileRef = D957E65C25A58E36003D5F46 /* TaskDoUITests.swift */; };
/* End PBXBuildFile section */

/* Begin PBXContainerItemProxy section */
		D957E64E25A58E36003D5F46 /* PBXContainerItemProxy */ = {
			isa = PBXContainerItemProxy;
			containerPortal = D957E63425A58E33003D5F46 /* Project object */;
			proxyType = 1;
			remoteGlobalIDString = D957E63B25A58E33003D5F46;
			remoteInfo = TaskDo;
		};
		D957E65925A58E36003D5F46 /* PBXContainerItemProxy */ = {
			isa = PBXContainerItemProxy;
			containerPortal = D957E63425A58E33003D5F46 /* Project object */;
			proxyType = 1;
			remoteGlobalIDString = D957E63B25A58E33003D5F46;
			remoteInfo = TaskDo;
		};
/* End PBXContainerItemProxy section */

/* Begin PBXFileReference section */
		D957E63C25A58E33003D5F46 /* TaskDo.app */ = {isa = PBXFileReference; explicitFileType = wrapper.application; includeInIndex = 0; path = TaskDo.app; sourceTree = BUILT_PRODUCTS_DIR; };
		D957E63F25A58E33003D5F46 /* TaskDoApp.swift */ = {isa = PBXFileReference; lastKnownFileType = sourcecode.swift; path = TaskDoApp.swift; sourceTree = "<group>"; };
		D957E64125A58E33003D5F46 /* ContentView.swift */ = {isa = PBXFileReference; lastKnownFileType = sourcecode.swift; path = ContentView.swift; sourceTree = "<group>"; };
		D957E64325A58E36003D5F46 /* Assets.xcassets */ = {isa = PBXFileReference; lastKnownFileType = folder.assetcatalog; path = Assets.xcassets; sourceTree = "<group>"; };
		D957E64625A58E36003D5F46 /* Preview Assets.xcassets */ = {isa = PBXFileReference; lastKnownFileType = folder.assetcatalog; path = "Preview Assets.xcassets"; sourceTree = "<group>"; };
		D957E64825A58E36003D5F46 /* Info.plist */ = {isa = PBXFileReference; lastKnownFileType = text.plist.xml; path = Info.plist; sourceTree = "<group>"; };
		D957E64D25A58E36003D5F46 /* TaskDoTests.xctest */ = {isa = PBXFileReference; explicitFileType = wrapper.cfbundle; includeInIndex = 0; path = TaskDoTests.xctest; sourceTree = BUILT_PRODUCTS_DIR; };
		D957E65125A58E36003D5F46 /* TaskDoTests.swift */ = {isa = PBXFileReference; lastKnownFileType = sourcecode.swift; path = TaskDoTests.swift; sourceTree = "<group>"; };
		D957E65325A58E36003D5F46 /* Info.plist */ = {isa = PBXFileReference; lastKnownFileType = text.plist.xml; path = Info.plist; sourceTree = "<group>"; };
		D957E65825A58E36003D5F46 /* TaskDoUITests.xctest */ = {isa = PBXFileReference; explicitFileType = wrapper.cfbundle; includeInIndex = 0; path = TaskDoUITests.xctest; sourceTree = BUILT_PRODUCTS_DIR; };
		D957E65C25A58E36003D5F46 /* TaskDoUITests.swift */ = {isa = PBXFileReference; lastKnownFileType = sourcecode.swift; path = TaskDoUITests.swift; sourceTree = "<group>"; };
		D957E65E25A58E36003D5F46 /* Info.plist */ = {isa = PBXFileReference; lastKnownFileType = text.plist.xml; path = Info.plist; sourceTree = "<group>"; };
/* End PBXFileReference section */

/* Begin PBXFrameworksBuildPhase section */
		D957E63925A58E33003D5F46 /* Frameworks */ = {
			isa = PBXFrameworksBuildPhase;
			buildActionMask = 2147483647;
			files = (
			);
			runOnlyForDeploymentPostprocessing = 0;
		};
		D957E64A25A58E36003D5F46 /* Frameworks */ = {
			isa = PBXFrameworksBuildPhase;
			buildActionMask = 2147483647;
			files = (
			);
			runOnlyForDeploymentPostprocessing = 0;
		};
		D957E65525A58E36003D5F46 /* Frameworks */ = {
			isa = PBXFrameworksBuildPhase;
			buildActionMask = 2147483647;
			files = (
			);
			runOnlyForDeploymentPostprocessing = 0;
		};
/* End PBXFrameworksBuildPhase section */

/* Begin PBXGroup section */
		D957E63325A58E33003D5F46 = {
			isa = PBXGroup;
			children = (
				D957E63E25A58E33003D5F46 /* TaskDo */,
				D957E65025A58E36003D5F46 /* TaskDoTests */,
				D957E65B25A58E36003D5F46 /* TaskDoUITests */,
				D957E63D25A58E33003D5F46 /* Products */,
			);
			sourceTree = "<group>";
		};
		D957E63D25A58E33003D5F46 /* Products */ = {
			isa = PBXGroup;
			children = (
				D957E63C25A58E33003D5F46 /* TaskDo.app */,
				D957E64D25A58E36003D5F46 /* TaskDoTests.xctest */,
				D957E65825A58E36003D5F46 /* TaskDoUITests.xctest */,
			);
			name = Products;
			sourceTree = "<group>";
		};
		D957E63E25A58E33003D5F46 /* TaskDo */ = {
			isa = PBXGroup;
			children = (
				D957E63F25A58E33003D5F46 /* TaskDoApp.swift */,
				D957E64125A58E33003D5F46 /* ContentView.swift */,
				D957E64325A58E36003D5F46 /* Assets.xcassets */,
				D957E64825A58E36003D5F46 /* Info.plist */,
				D957E64525A58E36003D5F46 /* Preview Content */,
			);
			path = TaskDo;
			sourceTree = "<group>";
		};
		D957E64525A58E36003D5F46 /* Preview Content */ = {
			isa = PBXGroup;
			children = (
				D957E64625A58E36003D5F46 /* Preview Assets.xcassets */,
			);
			path = "Preview Content";
			sourceTree = "<group>";
		};
		D957E65025A58E36003D5F46 /* TaskDoTests */ = {
			isa = PBXGroup;
			children = (
				D957E65125A58E36003D5F46 /* TaskDoTests.swift */,
				D957E65325A58E36003D5F46 /* Info.plist */,
			);
			path = TaskDoTests;
			sourceTree = "<group>";
		};
		D957E65B25A58E36003D5F46 /* TaskDoUITests */ = {
			isa = PBXGroup;
			children = (
				D957E65C25A58E36003D5F46 /* TaskDoUITests.swift */,
				D957E65E25A58E36003D5F46 /* Info.plist */,
			);
			path = TaskDoUITests;
			sourceTree = "<group>";
		};
/* End PBXGroup section */

/* Begin PBXNativeTarget section */
		D957E63B25A58E33003D5F46 /* TaskDo */ = {
			isa = PBXNativeTarget;
			buildConfigurationList = D957E66125A58E36003D5F46 /* Build configuration list for PBXNativeTarget "TaskDo" */;
			buildPhases = (
				D957E63825A58E33003D5F46 /* Sources */,
				D957E63925A58E33003D5F46 /* Frameworks */,
				D957E63A25A58E33003D5F46 /* Resources */,
			);
			buildRules = (
			);
			dependencies = (
			);
			name = TaskDo;
			productName = TaskDo;
			productReference = D957E63C25A58E33003D5F46 /* TaskDo.app */;
			productType = "com.apple.product-type.application";
		};
		D957E64C25A58E36003D5F46 /* TaskDoTests */ = {
			isa = PBXNativeTarget;
			buildConfigurationList = D957E66425A58E36003D5F46 /* Build configuration list for PBXNativeTarget "TaskDoTests" */;
			buildPhases = (
				D957E64925A58E36003D5F46 /* Sources */,
				D957E64A25A58E36003D5F46 /* Frameworks */,
				D957E64B25A58E36003D5F46 /* Resources */,
			);
			buildRules = (
			);
			dependencies = (
				D957E64F25A58E36003D5F46 /* PBXTargetDependency */,
			);
			name = TaskDoTests;
			productName = TaskDoTests;
			productReference = D957E64D25A58E36003D5F46 /* TaskDoTests.xctest */;
			productType = "com.apple.product-type.bundle.unit-test";
		};
		D957E65725A58E36003D5F46 /* TaskDoUITests */ = {
			isa = PBXNativeTarget;
			buildConfigurationList = D957E66725A58E36003D5F46 /* Build configuration list for PBXNativeTarget "TaskDoUITests" */;
			buildPhases = (
				D957E65425A58E36003D5F46 /* Sources */,
				D957E65525A58E36003D5F46 /* Frameworks */,
				D957E65625A58E36003D5F46 /* Resources */,
			);
			buildRules = (
			);
			dependencies = (
				D957E65A25A58E36003D5F46 /* PBXTargetDependency */,
			);
			name = TaskDoUITests;
			productName = TaskDoUITests;
			productReference = D957E65825A58E36003D5F46 /* TaskDoUITests.xctest */;
			productType = "com.apple.product-type.bundle.ui-testing";
		};
/* End PBXNativeTarget section */

/* Begin PBXProject section */
		D957E63425A58E33003D5F46 /* Project object */ = {
			isa = PBXProject;
			attributes = {
				LastSwiftUpdateCheck = 1230;
				LastUpgradeCheck = 1230;
				TargetAttributes = {
					D957E63B25A58E33003D5F46 = {
						CreatedOnToolsVersion = 12.3;
					};
					D957E64C25A58E36003D5F46 = {
						CreatedOnToolsVersion = 12.3;
						TestTargetID = D957E63B25A58E33003D5F46;
					};
					D957E65725A58E36003D5F46 = {
						CreatedOnToolsVersion = 12.3;
						TestTargetID = D957E63B25A58E33003D5F46;
					};
				};
			};
			buildConfigurationList = D957E63725A58E33003D5F46 /* Build configuration list for PBXProject "TaskDo" */;
			compatibilityVersion = "Xcode 9.3";
			developmentRegion = en;
			hasScannedForEncodings = 0;
			knownRegions = (
				en,
				Base,
			);
			mainGroup = D957E63325A58E33003D5F46;
			productRefGroup = D957E63D25A58E33003D5F46 /* Products */;
			projectDirPath = "";
			projectRoot = "";
			targets = (
				D957E63B25A58E33003D5F46 /* TaskDo */,
				D957E64C25A58E36003D5F46 /* TaskDoTests */,
				D957E65725A58E36003D5F46 /* TaskDoUITests */,
			);
		};
/* End PBXProject section */

/* Begin PBXResourcesBuildPhase section */
		D957E63A25A58E33003D5F46 /* Resources */ = {
			isa = PBXResourcesBuildPhase;
			buildActionMask = 2147483647;
			files = (
				D957E64725A58E36003D5F46 /* Preview Assets.xcassets in Resources */,
				D957E64425A58E36003D5F46 /* Assets.xcassets in Resources */,
			);
			runOnlyForDeploymentPostprocessing = 0;
		};
		D957E64B25A58E36003D5F46 /* Resources */ = {
			isa = PBXResourcesBuildPhase;
			buildActionMask = 2147483647;
			files = (
			);
			runOnlyForDeploymentPostprocessing = 0;
		};
		D957E65625A58E36003D5F46 /* Resources */ = {
			isa = PBXResourcesBuildPhase;
			buildActionMask = 2147483647;
			files = (
			);
			runOnlyForDeploymentPostprocessing = 0;
		};
/* End PBXResourcesBuildPhase section */

/* Begin PBXSourcesBuildPhase section */
		D957E63825A58E33003D5F46 /* Sources */ = {
			isa = PBXSourcesBuildPhase;
			buildActionMask = 2147483647;
			files = (
				D957E64225A58E33003D5F46 /* ContentView.swift in Sources */,
				D957E64025A58E33003D5F46 /* TaskDoApp.swift in Sources */,
			);
			runOnlyForDeploymentPostprocessing = 0;
		};
		D957E64925A58E36003D5F46 /* Sources */ = {
			isa = PBXSourcesBuildPhase;
			buildActionMask = 2147483647;
			files = (
				D957E65225A58E36003D5F46 /* TaskDoTests.swift in Sources */,
			);
			runOnlyForDeploymentPostprocessing = 0;
		};
		D957E65425A58E36003D5F46 /* Sources */ = {
			isa = PBXSourcesBuildPhase;
			buildActionMask = 2147483647;
			files = (
				D957E65D25A58E36003D5F46 /* TaskDoUITests.swift in Sources */,
			);
			runOnlyForDeploymentPostprocessing = 0;
		};
/* End PBXSourcesBuildPhase section */

/* Begin PBXTargetDependency section */
		D957E64F25A58E36003D5F46 /* PBXTargetDependency */ = {
			isa = PBXTargetDependency;
			target = D957E63B25A58E33003D5F46 /* TaskDo */;
			targetProxy = D957E64E25A58E36003D5F46 /* PBXContainerItemProxy */;
		};
		D957E65A25A58E36003D5F46 /* PBXTargetDependency */ = {
			isa = PBXTargetDependency;
			target = D957E63B25A58E33003D5F46 /* TaskDo */;
			targetProxy = D957E65925A58E36003D5F46 /* PBXContainerItemProxy */;
		};
/* End PBXTargetDependency section */

/* Begin XCBuildConfiguration section */
		D957E65F25A58E36003D5F46 /* Debug */ = {
			isa = XCBuildConfiguration;
			buildSettings = {
				ALWAYS_SEARCH_USER_PATHS = NO;
				CLANG_ANALYZER_NONNULL = YES;
				CLANG_ANALYZER_NUMBER_OBJECT_CONVERSION = YES_AGGRESSIVE;
				CLANG_CXX_LANGUAGE_STANDARD = "gnu++14";
				CLANG_CXX_LIBRARY = "libc++";
				CLANG_ENABLE_MODULES = YES;
				CLANG_ENABLE_OBJC_ARC = YES;
				CLANG_ENABLE_OBJC_WEAK = YES;
				CLANG_WARN_BLOCK_CAPTURE_AUTORELEASING = YES;
				CLANG_WARN_BOOL_CONVERSION = YES;
				CLANG_WARN_COMMA = YES;
				CLANG_WARN_CONSTANT_CONVERSION = YES;
				CLANG_WARN_DEPRECATED_OBJC_IMPLEMENTATIONS = YES;
				CLANG_WARN_DIRECT_OBJC_ISA_USAGE = YES_ERROR;
				CLANG_WARN_DOCUMENTATION_COMMENTS = YES;
				CLANG_WARN_EMPTY_BODY = YES;
				CLANG_WARN_ENUM_CONVERSION = YES;
				CLANG_WARN_INFINITE_RECURSION = YES;
				CLANG_WARN_INT_CONVERSION = YES;
				CLANG_WARN_NON_LITERAL_NULL_CONVERSION = YES;
				CLANG_WARN_OBJC_IMPLICIT_RETAIN_SELF = YES;
				CLANG_WARN_OBJC_LITERAL_CONVERSION = YES;
				CLANG_WARN_OBJC_ROOT_CLASS = YES_ERROR;
				CLANG_WARN_QUOTED_INCLUDE_IN_FRAMEWORK_HEADER = YES;
				CLANG_WARN_RANGE_LOOP_ANALYSIS = YES;
				CLANG_WARN_STRICT_PROTOTYPES = YES;
				CLANG_WARN_SUSPICIOUS_MOVE = YES;
				CLANG_WARN_UNGUARDED_AVAILABILITY = YES_AGGRESSIVE;
				CLANG_WARN_UNREACHABLE_CODE = YES;
				CLANG_WARN__DUPLICATE_METHOD_MATCH = YES;
				COPY_PHASE_STRIP = NO;
				DEBUG_INFORMATION_FORMAT = dwarf;
				ENABLE_STRICT_OBJC_MSGSEND = YES;
				ENABLE_TESTABILITY = YES;
				GCC_C_LANGUAGE_STANDARD = gnu11;
				GCC_DYNAMIC_NO_PIC = NO;
				GCC_NO_COMMON_BLOCKS = YES;
				GCC_OPTIMIZATION_LEVEL = 0;
				GCC_PREPROCESSOR_DEFINITIONS = (
					"DEBUG=1",
					"$(inherited)",
				);
				GCC_WARN_64_TO_32_BIT_CONVERSION = YES;
				GCC_WARN_ABOUT_RETURN_TYPE = YES_ERROR;
				GCC_WARN_UNDECLARED_SELECTOR = YES;
				GCC_WARN_UNINITIALIZED_AUTOS = YES_AGGRESSIVE;
				GCC_WARN_UNUSED_FUNCTION = YES;
				GCC_WARN_UNUSED_VARIABLE = YES;
				IPHONEOS_DEPLOYMENT_TARGET = 14.3;
				MTL_ENABLE_DEBUG_INFO = INCLUDE_SOURCE;
				MTL_FAST_MATH = YES;
				ONLY_ACTIVE_ARCH = YES;
				SDKROOT = iphoneos;
				SWIFT_ACTIVE_COMPILATION_CONDITIONS = DEBUG;
				SWIFT_OPTIMIZATION_LEVEL = "-Onone";
			};
			name = Debug;
		};
		D957E66025A58E36003D5F46 /* Release */ = {
			isa = XCBuildConfiguration;
			buildSettings = {
				ALWAYS_SEARCH_USER_PATHS = NO;
				CLANG_ANALYZER_NONNULL = YES;
				CLANG_ANALYZER_NUMBER_OBJECT_CONVERSION = YES_AGGRESSIVE;
				CLANG_CXX_LANGUAGE_STANDARD = "gnu++14";
				CLANG_CXX_LIBRARY = "libc++";
				CLANG_ENABLE_MODULES = YES;
				CLANG_ENABLE_OBJC_ARC = YES;
				CLANG_ENABLE_OBJC_WEAK = YES;
				CLANG_WARN_BLOCK_CAPTURE_AUTORELEASING = YES;
				CLANG_WARN_BOOL_CONVERSION = YES;
				CLANG_WARN_COMMA = YES;
				CLANG_WARN_CONSTANT_CONVERSION = YES;
				CLANG_WARN_DEPRECATED_OBJC_IMPLEMENTATIONS = YES;
				CLANG_WARN_DIRECT_OBJC_ISA_USAGE = YES_ERROR;
				CLANG_WARN_DOCUMENTATION_COMMENTS = YES;
				CLANG_WARN_EMPTY_BODY = YES;
				CLANG_WARN_ENUM_CONVERSION = YES;
				CLANG_WARN_INFINITE_RECURSION = YES;
				CLANG_WARN_INT_CONVERSION = YES;
				CLANG_WARN_NON_LITERAL_NULL_CONVERSION = YES;
				CLANG_WARN_OBJC_IMPLICIT_RETAIN_SELF = YES;
				CLANG_WARN_OBJC_LITERAL_CONVERSION = YES;
				CLANG_WARN_OBJC_ROOT_CLASS = YES_ERROR;
				CLANG_WARN_QUOTED_INCLUDE_IN_FRAMEWORK_HEADER = YES;
				CLANG_WARN_RANGE_LOOP_ANALYSIS = YES;
				CLANG_WARN_STRICT_PROTOTYPES = YES;
				CLANG_WARN_SUSPICIOUS_MOVE = YES;
				CLANG_WARN_UNGUARDED_AVAILABILITY = YES_AGGRESSIVE;
				CLANG_WARN_UNREACHABLE_CODE = YES;
				CLANG_WARN__DUPLICATE_METHOD_MATCH = YES;
				COPY_PHASE_STRIP = NO;
				DEBUG_INFORMATION_FORMAT = "dwarf-with-dsym";
				ENABLE_NS_ASSERTIONS = NO;
				ENABLE_STRICT_OBJC_MSGSEND = YES;
				GCC_C_LANGUAGE_STANDARD = gnu11;
				GCC_NO_COMMON_BLOCKS = YES;
				GCC_WARN_64_TO_32_BIT_CONVERSION = YES;
				GCC_WARN_ABOUT_RETURN_TYPE = YES_ERROR;
				GCC_WARN_UNDECLARED_SELECTOR = YES;
				GCC_WARN_UNINITIALIZED_AUTOS = YES_AGGRESSIVE;
				GCC_WARN_UNUSED_FUNCTION = YES;
				GCC_WARN_UNUSED_VARIABLE = YES;
				IPHONEOS_DEPLOYMENT_TARGET = 14.3;
				MTL_ENABLE_DEBUG_INFO = NO;
				MTL_FAST_MATH = YES;
				SDKROOT = iphoneos;
				SWIFT_COMPILATION_MODE = wholemodule;
				SWIFT_OPTIMIZATION_LEVEL = "-O";
				VALIDATE_PRODUCT = YES;
			};
			name = Release;
		};
		D957E66225A58E36003D5F46 /* Debug */ = {
			isa = XCBuildConfiguration;
			buildSettings = {
				ASSETCATALOG_COMPILER_APPICON_NAME = AppIcon;
				ASSETCATALOG_COMPILER_GLOBAL_ACCENT_COLOR_NAME = AccentColor;
				CODE_SIGN_STYLE = Automatic;
				DEVELOPMENT_ASSET_PATHS = "\"TaskDo/Preview Content\"";
				DEVELOPMENT_TEAM = 7WPKSMVHSR;
				ENABLE_PREVIEWS = YES;
				INFOPLIST_FILE = TaskDo/Info.plist;
				IPHONEOS_DEPLOYMENT_TARGET = 14.0;
				LD_RUNPATH_SEARCH_PATHS = (
					"$(inherited)",
					"@executable_path/Frameworks",
				);
				PRODUCT_BUNDLE_IDENTIFIER = com.pyong.TaskDo;
				PRODUCT_NAME = "$(TARGET_NAME)";
				SWIFT_VERSION = 5.0;
				TARGETED_DEVICE_FAMILY = "1,2";
			};
			name = Debug;
		};
		D957E66325A58E36003D5F46 /* Release */ = {
			isa = XCBuildConfiguration;
			buildSettings = {
				ASSETCATALOG_COMPILER_APPICON_NAME = AppIcon;
				ASSETCATALOG_COMPILER_GLOBAL_ACCENT_COLOR_NAME = AccentColor;
				CODE_SIGN_STYLE = Automatic;
				DEVELOPMENT_ASSET_PATHS = "\"TaskDo/Preview Content\"";
				DEVELOPMENT_TEAM = 7WPKSMVHSR;
				ENABLE_PREVIEWS = YES;
				INFOPLIST_FILE = TaskDo/Info.plist;
				IPHONEOS_DEPLOYMENT_TARGET = 14.0;
				LD_RUNPATH_SEARCH_PATHS = (
					"$(inherited)",
					"@executable_path/Frameworks",
				);
				PRODUCT_BUNDLE_IDENTIFIER = com.pyong.TaskDo;
				PRODUCT_NAME = "$(TARGET_NAME)";
				SWIFT_VERSION = 5.0;
				TARGETED_DEVICE_FAMILY = "1,2";
			};
			name = Release;
		};
		D957E66525A58E36003D5F46 /* Debug */ = {
			isa = XCBuildConfiguration;
			buildSettings = {
				ALWAYS_EMBED_SWIFT_STANDARD_LIBRARIES = YES;
				BUNDLE_LOADER = "$(TEST_HOST)";
				CODE_SIGN_STYLE = Automatic;
				DEVELOPMENT_TEAM = 7WPKSMVHSR;
				INFOPLIST_FILE = TaskDoTests/Info.plist;
				IPHONEOS_DEPLOYMENT_TARGET = 14.0;
				LD_RUNPATH_SEARCH_PATHS = (
					"$(inherited)",
					"@executable_path/Frameworks",
					"@loader_path/Frameworks",
				);
				PRODUCT_BUNDLE_IDENTIFIER = com.pyong.TaskDoTests;
				PRODUCT_NAME = "$(TARGET_NAME)";
				SWIFT_VERSION = 5.0;
				TARGETED_DEVICE_FAMILY = "1,2";
				TEST_HOST = "$(BUILT_PRODUCTS_DIR)/TaskDo.app/TaskDo";
			};
			name = Debug;
		};
		D957E66625A58E36003D5F46 /* Release */ = {
			isa = XCBuildConfiguration;
			buildSettings = {
				ALWAYS_EMBED_SWIFT_STANDARD_LIBRARIES = YES;
				BUNDLE_LOADER = "$(TEST_HOST)";
				CODE_SIGN_STYLE = Automatic;
				DEVELOPMENT_TEAM = 7WPKSMVHSR;
				INFOPLIST_FILE = TaskDoTests/Info.plist;
				IPHONEOS_DEPLOYMENT_TARGET = 14.0;
				LD_RUNPATH_SEARCH_PATHS = (
					"$(inherited)",
					"@executable_path/Frameworks",
					"@loader_path/Frameworks",
				);
				PRODUCT_BUNDLE_IDENTIFIER = com.pyong.TaskDoTests;
				PRODUCT_NAME = "$(TARGET_NAME)";
				SWIFT_VERSION = 5.0;
				TARGETED_DEVICE_FAMILY = "1,2";
				TEST_HOST = "$(BUILT_PRODUCTS_DIR)/TaskDo.app/TaskDo";
			};
			name = Release;
		};
		D957E66825A58E36003D5F46 /* Debug */ = {
			isa = XCBuildConfiguration;
			buildSettings = {
				ALWAYS_EMBED_SWIFT_STANDARD_LIBRARIES = YES;
				CODE_SIGN_STYLE = Automatic;
				DEVELOPMENT_TEAM = 7WPKSMVHSR;
				INFOPLIST_FILE = TaskDoUITests/Info.plist;
				LD_RUNPATH_SEARCH_PATHS = (
					"$(inherited)",
					"@executable_path/Frameworks",
					"@loader_path/Frameworks",
				);
				PRODUCT_BUNDLE_IDENTIFIER = com.pyong.TaskDoUITests;
				PRODUCT_NAME = "$(TARGET_NAME)";
				SWIFT_VERSION = 5.0;
				TARGETED_DEVICE_FAMILY = "1,2";
				TEST_TARGET_NAME = TaskDo;
			};
			name = Debug;
		};
		D957E66925A58E36003D5F46 /* Release */ = {
			isa = XCBuildConfiguration;
			buildSettings = {
				ALWAYS_EMBED_SWIFT_STANDARD_LIBRARIES = YES;
				CODE_SIGN_STYLE = Automatic;
				DEVELOPMENT_TEAM = 7WPKSMVHSR;
				INFOPLIST_FILE = TaskDoUITests/Info.plist;
				LD_RUNPATH_SEARCH_PATHS = (
					"$(inherited)",
					"@executable_path/Frameworks",
					"@loader_path/Frameworks",
				);
				PRODUCT_BUNDLE_IDENTIFIER = com.pyong.TaskDoUITests;
				PRODUCT_NAME = "$(TARGET_NAME)";
				SWIFT_VERSION = 5.0;
				TARGETED_DEVICE_FAMILY = "1,2";
				TEST_TARGET_NAME = TaskDo;
			};
			name = Release;
		};
/* End XCBuildConfiguration section */

/* Begin XCConfigurationList section */
		D957E63725A58E33003D5F46 /* Build configuration list for PBXProject "TaskDo" */ = {
			isa = XCConfigurationList;
			buildConfigurations = (
				D957E65F25A58E36003D5F46 /* Debug */,
				D957E66025A58E36003D5F46 /* Release */,
			);
			defaultConfigurationIsVisible = 0;
			defaultConfigurationName = Release;
		};
		D957E66125A58E36003D5F46 /* Build configuration list for PBXNativeTarget "TaskDo" */ = {
			isa = XCConfigurationList;
			buildConfigurations = (
				D957E66225A58E36003D5F46 /* Debug */,
				D957E66325A58E36003D5F46 /* Release */,
			);
			defaultConfigurationIsVisible = 0;
			defaultConfigurationName = Release;
		};
		D957E66425A58E36003D5F46 /* Build configuration list for PBXNativeTarget "TaskDoTests" */ = {
			isa = XCConfigurationList;
			buildConfigurations = (
				D957E66525A58E36003D5F46 /* Debug */,
				D957E66625A58E36003D5F46 /* Release */,
			);
			defaultConfigurationIsVisible = 0;
			defaultConfigurationName = Release;
		};
		D957E66725A58E36003D5F46 /* Build configuration list for PBXNativeTarget "TaskDoUITests" */ = {
			isa = XCConfigurationList;
			buildConfigurations = (
				D957E66825A58E36003D5F46 /* Debug */,
				D957E66925A58E36003D5F46 /* Release */,
			);
			defaultConfigurationIsVisible = 0;
			defaultConfigurationName = Release;
		};
/* End XCConfigurationList section */
	};
	rootObject = D957E63425A58E33003D5F46 /* Project object */;
}
